
Microsoft Visual Studio Solution File, Format Version 12.00
# Visual Studio Version 17
VisualStudioVersion = 17.3.32819.101
MinimumVisualStudioVersion = 10.0.40219.1
Project("{FAE04EC0-301F-11D3-BF4B-00C04F79EFBC}") = "SpatulaCannon", "SpatulaCannon\SpatulaCannon.csproj", "{43F7FCCC-ACB1-4D77-B45C-AFCA295362D2}"
EndProject
Global
	GlobalSection(SolutionConfigurationPlatforms) = preSolution
		Debug|Any CPU = Debug|Any CPU
		Release|Any CPU = Release|Any CPU
	EndGlobalSection
	GlobalSection(ProjectConfigurationPlatforms) = postSolution
		{43F7FCCC-ACB1-4D77-B45C-AFCA295362D2}.Debug|Any CPU.ActiveCfg = Debug|Any CPU
		{43F7FCCC-ACB1-4D77-B45C-AFCA295362D2}.Debug|Any CPU.Build.0 = Debug|Any CPU
		{43F7FCCC-ACB1-4D77-B45C-AFCA295362D2}.Release|Any CPU.ActiveCfg = Release|Any CPU
		{43F7FCCC-ACB1-4D77-B45C-AFCA295362D2}.Release|Any CPU.Build.0 = Release|Any CPU
	EndGlobalSection
	GlobalSection(SolutionProperties) = preSolution
		HideSolutionNode = FALSE
	EndGlobalSection
	GlobalSection(ExtensibilityGlobals) = postSolution
		SolutionGuid = {59A4E9AB-5016-4601-B576-F5BD5771CB49}
	EndGlobalSection
EndGlobal
